
Microsoft Visual Studio Solution File, Format Version 12.00
# Visual Studio Version 17
VisualStudioVersion = 17.12.35527.113 d17.12
MinimumVisualStudioVersion = 10.0.40219.1
Project("{FAE04EC0-301F-11D3-BF4B-00C04F79EFBC}") = "Buoi4", "Buoi4\Buoi4.csproj", "{008FD101-72BF-4D6C-900B-F0CB8F84D3FB}"
EndProject
Global
	GlobalSection(SolutionConfigurationPlatforms) = preSolution
		Debug|Any CPU = Debug|Any CPU
		Release|Any CPU = Release|Any CPU
	EndGlobalSection
	GlobalSection(ProjectConfigurationPlatforms) = postSolution
		{008FD101-72BF-4D6C-900B-F0CB8F84D3FB}.Debug|Any CPU.ActiveCfg = Debug|Any CPU
		{008FD101-72BF-4D6C-900B-F0CB8F84D3FB}.Debug|Any CPU.Build.0 = Debug|Any CPU
		{008FD101-72BF-4D6C-900B-F0CB8F84D3FB}.Release|Any CPU.ActiveCfg = Release|Any CPU
		{008FD101-72BF-4D6C-900B-F0CB8F84D3FB}.Release|Any CPU.Build.0 = Release|Any CPU
	EndGlobalSection
	GlobalSection(SolutionProperties) = preSolution
		HideSolutionNode = FALSE
	EndGlobalSection
EndGlobal
